Microsoft Visual Studio Solution File, Format Version 12.00
# Visual Studio 2012
Project("{FAE04EC0-301F-11D3-BF4B-00C04F79EFBC}") = "Godot Shop", "Godot Shop.csproj", "{50A30FCC-2942-4C3E-B328-6541A5914F79}"
EndProject
Global
	GlobalSection(SolutionConfigurationPlatforms) = preSolution
	Debug|Any CPU = Debug|Any CPU
	ExportDebug|Any CPU = ExportDebug|Any CPU
	ExportRelease|Any CPU = ExportRelease|Any CPU
	EndGlobalSection
	GlobalSection(ProjectConfigurationPlatforms) = postSolution
		{50A30FCC-2942-4C3E-B328-6541A5914F79}.Debug|Any CPU.ActiveCfg = Debug|Any CPU
		{50A30FCC-2942-4C3E-B328-6541A5914F79}.Debug|Any CPU.Build.0 = Debug|Any CPU
		{50A30FCC-2942-4C3E-B328-6541A5914F79}.ExportDebug|Any CPU.ActiveCfg = ExportDebug|Any CPU
		{50A30FCC-2942-4C3E-B328-6541A5914F79}.ExportDebug|Any CPU.Build.0 = ExportDebug|Any CPU
		{50A30FCC-2942-4C3E-B328-6541A5914F79}.ExportRelease|Any CPU.ActiveCfg = ExportRelease|Any CPU
		{50A30FCC-2942-4C3E-B328-6541A5914F79}.ExportRelease|Any CPU.Build.0 = ExportRelease|Any CPU
	EndGlobalSection
EndGlobal
